
Microsoft Visual Studio Solution File, Format Version 12.00
# Visual Studio 15
VisualStudioVersion = 15.0.28307.168
MinimumVisualStudioVersion = 10.0.40219.1
Project("{FAE04EC0-301F-11D3-BF4B-00C04F79EFBC}") = "WMS", "WMS\WMS.csproj", "{7E26CAAF-78CA-4387-9090-9149D3234423}"
EndProject
Global
	GlobalSection(SolutionConfigurationPlatforms) = preSolution
		Debug|Any CPU = Debug|Any CPU
		Release|Any CPU = Release|Any CPU
	EndGlobalSection
	GlobalSection(ProjectConfigurationPlatforms) = postSolution
		{7E26CAAF-78CA-4387-9090-9149D3234423}.Debug|Any CPU.ActiveCfg = Debug|Any CPU
		{7E26CAAF-78CA-4387-9090-9149D3234423}.Debug|Any CPU.Build.0 = Debug|Any CPU
		{7E26CAAF-78CA-4387-9090-9149D3234423}.Release|Any CPU.ActiveCfg = Release|Any CPU
		{7E26CAAF-78CA-4387-9090-9149D3234423}.Release|Any CPU.Build.0 = Release|Any CPU
	EndGlobalSection
	GlobalSection(SolutionProperties) = preSolution
		HideSolutionNode = FALSE
	EndGlobalSection
	GlobalSection(ExtensibilityGlobals) = postSolution
		SolutionGuid = {2975E708-2FB5-459F-B269-EEF303AC0865}
	EndGlobalSection
EndGlobal
